
Microsoft Visual Studio Solution File, Format Version 12.00
Project("{FAE04EC0-301F-11D3-BF4B-00C04F79EFBC}") = "CSharp-Result", "CSharp-Result\CSharp-Result.csproj", "{BA1F8937-0DB2-4938-9358-FBFF9A1AD996}"
EndProject
Global
	GlobalSection(SolutionConfigurationPlatforms) = preSolution
		Debug|Any CPU = Debug|Any CPU
		Release|Any CPU = Release|Any CPU
	EndGlobalSection
	GlobalSection(ProjectConfigurationPlatforms) = postSolution
		{BA1F8937-0DB2-4938-9358-FBFF9A1AD996}.Debug|Any CPU.ActiveCfg = Debug|Any CPU
		{BA1F8937-0DB2-4938-9358-FBFF9A1AD996}.Debug|Any CPU.Build.0 = Debug|Any CPU
		{BA1F8937-0DB2-4938-9358-FBFF9A1AD996}.Release|Any CPU.ActiveCfg = Release|Any CPU
		{BA1F8937-0DB2-4938-9358-FBFF9A1AD996}.Release|Any CPU.Build.0 = Release|Any CPU
	EndGlobalSection
EndGlobal
